// !$*UTF8*$!
{
	archiveVersion = 1;
	classes = {
	};
	objectVersion = 46;
	objects = {

/* Begin PBXBuildFile section */
		CF048DB917729DCC00ECA9EA /* SBJsonParser.m in Sources */ = {isa = PBXBuildFile; fileRef = CF048DA617729DCC00ECA9EA /* SBJsonParser.m */; };
		CF048DBA17729DCC00ECA9EA /* SBJsonStreamParser.m in Sources */ = {isa = PBXBuildFile; fileRef = CF048DA817729DCC00ECA9EA /* SBJsonStreamParser.m */; };
		CF048DBB17729DCC00ECA9EA /* SBJsonStreamParserAccumulator.m in Sources */ = {isa = PBXBuildFile; fileRef = CF048DAA17729DCC00ECA9EA /* SBJsonStreamParserAccumulator.m */; };
		CF048DBC17729DCC00ECA9EA /* SBJsonStreamParserAdapter.m in Sources */ = {isa = PBXBuildFile; fileRef = CF048DAC17729DCC00ECA9EA /* SBJsonStreamParserAdapter.m */; };
		CF048DBD17729DCC00ECA9EA /* SBJsonStreamParserState.m in Sources */ = {isa = PBXBuildFile; fileRef = CF048DAE17729DCC00ECA9EA /* SBJsonStreamParserState.m */; };
		CF048DBE17729DCC00ECA9EA /* SBJsonStreamTokeniser.m in Sources */ = {isa = PBXBuildFile; fileRef = CF048DB017729DCC00ECA9EA /* SBJsonStreamTokeniser.m */; };
		CF048DBF17729DCC00ECA9EA /* SBJsonStreamWriter.m in Sources */ = {isa = PBXBuildFile; fileRef = CF048DB217729DCC00ECA9EA /* SBJsonStreamWriter.m */; };
		CF048DC017729DCC00ECA9EA /* SBJsonStreamWriterAccumulator.m in Sources */ = {isa = PBXBuildFile; fileRef = CF048DB417729DCC00ECA9EA /* SBJsonStreamWriterAccumulator.m */; };
		CF048DC117729DCC00ECA9EA /* SBJsonStreamWriterState.m in Sources */ = {isa = PBXBuildFile; fileRef = CF048DB617729DCC00ECA9EA /* SBJsonStreamWriterState.m */; };
		CF048DC217729DCC00ECA9EA /* SBJsonWriter.m in Sources */ = {isa = PBXBuildFile; fileRef = CF048DB817729DCC00ECA9EA /* SBJsonWriter.m */; };
		CF195C5F177D5DF600C66161 /* AppDelegate.m in Sources */ = {isa = PBXBuildFile; fileRef = CF195C5D177D5DF600C66161 /* AppDelegate.m */; };
		CF195C71177D5E1F00C66161 /* Thread.m in Sources */ = {isa = PBXBuildFile; fileRef = CF195C70177D5E1F00C66161 /* Thread.m */; };
		CF23FF341780FEE3006F1136 /* SubredditSelector.m in Sources */ = {isa = PBXBuildFile; fileRef = CF23FF2D1780FEE3006F1136 /* SubredditSelector.m */; };
		CF23FF351780FEE3006F1136 /* SubredditSelector.xib in Resources */ = {isa = PBXBuildFile; fileRef = CF23FF2E1780FEE3006F1136 /* SubredditSelector.xib */; };
		CF23FF361780FEE3006F1136 /* ThreadTableViewCell.m in Sources */ = {isa = PBXBuildFile; fileRef = CF23FF321780FEE3006F1136 /* ThreadTableViewCell.m */; };
		CF23FF371780FEE3006F1136 /* ThreadTableViewCell.xib in Resources */ = {isa = PBXBuildFile; fileRef = CF23FF331780FEE3006F1136 /* ThreadTableViewCell.xib */; };
		CF23FF391780FF69006F1136 /* CommentTableViewCell.xib in Resources */ = {isa = PBXBuildFile; fileRef = CF23FF381780FF69006F1136 /* CommentTableViewCell.xib */; };
		CF23FF3D178105BF006F1136 /* CommentTableViewCell.m in Sources */ = {isa = PBXBuildFile; fileRef = CF23FF3C178105BF006F1136 /* CommentTableViewCell.m */; };
		CF23FFEA17869D9D006F1136 /* Comment.m in Sources */ = {isa = PBXBuildFile; fileRef = CF23FFE917869D9D006F1136 /* Comment.m */; };
		CF2CD9B01773F7C3005E62D9 /* CommentsPageViewController.m in Sources */ = {isa = PBXBuildFile; fileRef = CF2CD9AE1773F7C3005E62D9 /* CommentsPageViewController.m */; };
		CF2CD9B11773F7C3005E62D9 /* CommentsPageViewController.xib in Resources */ = {isa = PBXBuildFile; fileRef = CF2CD9AF1773F7C3005E62D9 /* CommentsPageViewController.xib */; };
		CF2CD9D417741A10005E62D9 /* SystemConfiguration.framework in Frameworks */ = {isa = PBXBuildFile; fileRef = CF2CD9D317741A10005E62D9 /* SystemConfiguration.framework */; };
		CF2CDA0B17741C3C005E62D9 /* ASIAuthenticationDialog.m in Sources */ = {isa = PBXBuildFile; fileRef = CF2CD9F817741C3B005E62D9 /* ASIAuthenticationDialog.m */; settings = {COMPILER_FLAGS = "-fno-objc-arc"; }; };
		CF2CDA0C17741C3C005E62D9 /* ASIDataCompressor.m in Sources */ = {isa = PBXBuildFile; fileRef = CF2CD9FB17741C3B005E62D9 /* ASIDataCompressor.m */; settings = {COMPILER_FLAGS = "-fno-objc-arc"; }; };
		CF2CDA0D17741C3C005E62D9 /* ASIDataDecompressor.m in Sources */ = {isa = PBXBuildFile; fileRef = CF2CD9FD17741C3B005E62D9 /* ASIDataDecompressor.m */; settings = {COMPILER_FLAGS = "-fno-objc-arc"; }; };
		CF2CDA0E17741C3C005E62D9 /* ASIDownloadCache.m in Sources */ = {isa = PBXBuildFile; fileRef = CF2CD9FF17741C3B005E62D9 /* ASIDownloadCache.m */; settings = {COMPILER_FLAGS = "-fno-objc-arc"; }; };
		CF2CDA0F17741C3C005E62D9 /* ASIFormDataRequest.m in Sources */ = {isa = PBXBuildFile; fileRef = CF2CDA0117741C3B005E62D9 /* ASIFormDataRequest.m */; settings = {COMPILER_FLAGS = "-fno-objc-arc"; }; };
		CF2CDA1017741C3C005E62D9 /* ASIHTTPRequest.m in Sources */ = {isa = PBXBuildFile; fileRef = CF2CDA0317741C3B005E62D9 /* ASIHTTPRequest.m */; settings = {COMPILER_FLAGS = "-fno-objc-arc"; }; };
		CF2CDA1117741C3C005E62D9 /* ASIInputStream.m in Sources */ = {isa = PBXBuildFile; fileRef = CF2CDA0717741C3B005E62D9 /* ASIInputStream.m */; settings = {COMPILER_FLAGS = "-fno-objc-arc"; }; };
		CF2CDA1217741C3C005E62D9 /* ASINetworkQueue.m in Sources */ = {isa = PBXBuildFile; fileRef = CF2CDA0917741C3C005E62D9 /* ASINetworkQueue.m */; settings = {COMPILER_FLAGS = "-fno-objc-arc"; }; };
		CF2CDA1417741CC6005E62D9 /* QuartzCore.framework in Frameworks */ = {isa = PBXBuildFile; fileRef = CF2CDA1317741CC6005E62D9 /* QuartzCore.framework */; };
		CF2CDA1617741DA5005E62D9 /* CFNetwork.framework in Frameworks */ = {isa = PBXBuildFile; fileRef = CF2CDA1517741DA5005E62D9 /* CFNetwork.framework */; };
		CF2CDA1817741DBB005E62D9 /* MobileCoreServices.framework in Frameworks */ = {isa = PBXBuildFile; fileRef = CF2CDA1717741DBB005E62D9 /* MobileCoreServices.framework */; };
		CF2CDA1C17741F91005E62D9 /* libz.dylib in Frameworks */ = {isa = PBXBuildFile; fileRef = CF2CDA1B17741F91005E62D9 /* libz.dylib */; };
		CFD4EBB8177275F000FB9833 /* UIKit.framework in Frameworks */ = {isa = PBXBuildFile; fileRef = CFD4EBB7177275F000FB9833 /* UIKit.framework */; };
		CFD4EBBA177275F000FB9833 /* Foundation.framework in Frameworks */ = {isa = PBXBuildFile; fileRef = CFD4EBB9177275F000FB9833 /* Foundation.framework */; };
		CFD4EBBC177275F000FB9833 /* CoreGraphics.framework in Frameworks */ = {isa = PBXBuildFile; fileRef = CFD4EBBB177275F000FB9833 /* CoreGraphics.framework */; };
		CFD4EBC2177275F000FB9833 /* InfoPlist.strings in Resources */ = {isa = PBXBuildFile; fileRef = CFD4EBC0177275F000FB9833 /* InfoPlist.strings */; };
		CFD4EBE81772797000FB9833 /* main.m in Sources */ = {isa = PBXBuildFile; fileRef = CFD4EBE51772797000FB9833 /* main.m */; };
		CFD4EBE91772797000FB9833 /* Reddit Reader-Info.plist in Resources */ = {isa = PBXBuildFile; fileRef = CFD4EBE61772797000FB9833 /* Reddit Reader-Info.plist */; };
		CFD4EBED177279E300FB9833 /* MainPageViewController.m in Sources */ = {isa = PBXBuildFile; fileRef = CFD4EBEB177279E300FB9833 /* MainPageViewController.m */; };
		CFD4EBEE177279E300FB9833 /* MainPageViewController.xib in Resources */ = {isa = PBXBuildFile; fileRef = CFD4EBEC177279E300FB9833 /* MainPageViewController.xib */; };
		CFE1B0A217AF1EE4007CF88A /* AnimatedGif.m in Sources */ = {isa = PBXBuildFile; fileRef = CFE1B09D17AF1EE4007CF88A /* AnimatedGif.m */; settings = {COMPILER_FLAGS = "-fno-objc-arc"; }; };
		CFE1B0A317AF1EE4007CF88A /* AnimatedGifExampleAppDelegate.m in Sources */ = {isa = PBXBuildFile; fileRef = CFE1B09F17AF1EE4007CF88A /* AnimatedGifExampleAppDelegate.m */; settings = {COMPILER_FLAGS = "-fno-objc-arc"; }; };
		CFE1B0A417AF1EE4007CF88A /* AnimatedGifExampleViewController.m in Sources */ = {isa = PBXBuildFile; fileRef = CFE1B0A117AF1EE4007CF88A /* AnimatedGifExampleViewController.m */; settings = {COMPILER_FLAGS = "-fno-objc-arc"; }; };
/* End PBXBuildFile section */

/* Begin PBXFileReference section */
		CF048DA417729DCC00ECA9EA /* SBJson.h */ = {isa = PBXFileReference; fileEncoding = 4; lastKnownFileType = sourcecode.c.h; path = SBJson.h; sourceTree = "<group>"; };
		CF048DA517729DCC00ECA9EA /* SBJsonParser.h */ = {isa = PBXFileReference; fileEncoding = 4; lastKnownFileType = sourcecode.c.h; path = SBJsonParser.h; sourceTree = "<group>"; };
		CF048DA617729DCC00ECA9EA /* SBJsonParser.m */ = {isa = PBXFileReference; fileEncoding = 4; lastKnownFileType = sourcecode.c.objc; path = SBJsonParser.m; sourceTree = "<group>"; };
		CF048DA717729DCC00ECA9EA /* SBJsonStreamParser.h */ = {isa = PBXFileReference; fileEncoding = 4; lastKnownFileType = sourcecode.c.h; path = SBJsonStreamParser.h; sourceTree = "<group>"; };
		CF048DA817729DCC00ECA9EA /* SBJsonStreamParser.m */ = {isa = PBXFileReference; fileEncoding = 4; lastKnownFileType = sourcecode.c.objc; path = SBJsonStreamParser.m; sourceTree = "<group>"; };
		CF048DA917729DCC00ECA9EA /* SBJsonStreamParserAccumulator.h */ = {isa = PBXFileReference; fileEncoding = 4; lastKnownFileType = sourcecode.c.h; path = SBJsonStreamParserAccumulator.h; sourceTree = "<group>"; };
		CF048DAA17729DCC00ECA9EA /* SBJsonStreamParserAccumulator.m */ = {isa = PBXFileReference; fileEncoding = 4; lastKnownFileType = sourcecode.c.objc; path = SBJsonStreamParserAccumulator.m; sourceTree = "<group>"; };
		CF048DAB17729DCC00ECA9EA /* SBJsonStreamParserAdapter.h */ = {isa = PBXFileReference; fileEncoding = 4; lastKnownFileType = sourcecode.c.h; path = SBJsonStreamParserAdapter.h; sourceTree = "<group>"; };
		CF048DAC17729DCC00ECA9EA /* SBJsonStreamParserAdapter.m */ = {isa = PBXFileReference; fileEncoding = 4; lastKnownFileType = sourcecode.c.objc; path = SBJsonStreamParserAdapter.m; sourceTree = "<group>"; };
		CF048DAD17729DCC00ECA9EA /* SBJsonStreamParserState.h */ = {isa = PBXFileReference; fileEncoding = 4; lastKnownFileType = sourcecode.c.h; path = SBJsonStreamParserState.h; sourceTree = "<group>"; };
		CF048DAE17729DCC00ECA9EA /* SBJsonStreamParserState.m */ = {isa = PBXFileReference; fileEncoding = 4; lastKnownFileType = sourcecode.c.objc; path = SBJsonStreamParserState.m; sourceTree = "<group>"; };
		CF048DAF17729DCC00ECA9EA /* SBJsonStreamTokeniser.h */ = {isa = PBXFileReference; fileEncoding = 4; lastKnownFileType = sourcecode.c.h; path = SBJsonStreamTokeniser.h; sourceTree = "<group>"; };
		CF048DB017729DCC00ECA9EA /* SBJsonStreamTokeniser.m */ = {isa = PBXFileReference; fileEncoding = 4; lastKnownFileType = sourcecode.c.objc; path = SBJsonStreamTokeniser.m; sourceTree = "<group>"; };
		CF048DB117729DCC00ECA9EA /* SBJsonStreamWriter.h */ = {isa = PBXFileReference; fileEncoding = 4; lastKnownFileType = sourcecode.c.h; path = SBJsonStreamWriter.h; sourceTree = "<group>"; };
		CF048DB217729DCC00ECA9EA /* SBJsonStreamWriter.m */ = {isa = PBXFileReference; fileEncoding = 4; lastKnownFileType = sourcecode.c.objc; path = SBJsonStreamWriter.m; sourceTree = "<group>"; };
		CF048DB317729DCC00ECA9EA /* SBJsonStreamWriterAccumulator.h */ = {isa = PBXFileReference; fileEncoding = 4; lastKnownFileType = sourcecode.c.h; path = SBJsonStreamWriterAccumulator.h; sourceTree = "<group>"; };
		CF048DB417729DCC00ECA9EA /* SBJsonStreamWriterAccumulator.m */ = {isa = PBXFileReference; fileEncoding = 4; lastKnownFileType = sourcecode.c.objc; path = SBJsonStreamWriterAccumulator.m; sourceTree = "<group>"; };
		CF048DB517729DCC00ECA9EA /* SBJsonStreamWriterState.h */ = {isa = PBXFileReference; fileEncoding = 4; lastKnownFileType = sourcecode.c.h; path = SBJsonStreamWriterState.h; sourceTree = "<group>"; };
		CF048DB617729DCC00ECA9EA /* SBJsonStreamWriterState.m */ = {isa = PBXFileReference; fileEncoding = 4; lastKnownFileType = sourcecode.c.objc; path = SBJsonStreamWriterState.m; sourceTree = "<group>"; };
		CF048DB717729DCC00ECA9EA /* SBJsonWriter.h */ = {isa = PBXFileReference; fileEncoding = 4; lastKnownFileType = sourcecode.c.h; path = SBJsonWriter.h; sourceTree = "<group>"; };
		CF048DB817729DCC00ECA9EA /* SBJsonWriter.m */ = {isa = PBXFileReference; fileEncoding = 4; lastKnownFileType = sourcecode.c.objc; path = SBJsonWriter.m; sourceTree = "<group>"; };
		CF195C5C177D5DF600C66161 /* AppDelegate.h */ = {isa = PBXFileReference; fileEncoding = 4; lastKnownFileType = sourcecode.c.h; path = AppDelegate.h; sourceTree = "<group>"; };
		CF195C5D177D5DF600C66161 /* AppDelegate.m */ = {isa = PBXFileReference; fileEncoding = 4; lastKnownFileType = sourcecode.c.objc; path = AppDelegate.m; sourceTree = "<group>"; };
		CF195C5E177D5DF600C66161 /* SubredditSelectionDelegate.h */ = {isa = PBXFileReference; fileEncoding = 4; lastKnownFileType = sourcecode.c.h; path = SubredditSelectionDelegate.h; sourceTree = "<group>"; };
		CF195C6F177D5E1F00C66161 /* Thread.h */ = {isa = PBXFileReference; fileEncoding = 4; lastKnownFileType = sourcecode.c.h; path = Thread.h; sourceTree = "<group>"; };
		CF195C70177D5E1F00C66161 /* Thread.m */ = {isa = PBXFileReference; fileEncoding = 4; lastKnownFileType = sourcecode.c.objc; path = Thread.m; sourceTree = "<group>"; };
		CF23FF2C1780FEE3006F1136 /* SubredditSelector.h */ = {isa = PBXFileReference; fileEncoding = 4; lastKnownFileType = sourcecode.c.h; path = SubredditSelector.h; sourceTree = "<group>"; };
		CF23FF2D1780FEE3006F1136 /* SubredditSelector.m */ = {isa = PBXFileReference; fileEncoding = 4; lastKnownFileType = sourcecode.c.objc; path = SubredditSelector.m; sourceTree = "<group>"; };
		CF23FF2E1780FEE3006F1136 /* SubredditSelector.xib */ = {isa = PBXFileReference; fileEncoding = 4; lastKnownFileType = file.xib; path = SubredditSelector.xib; sourceTree = "<group>"; };
		CF23FF2F1780FEE3006F1136 /* SubredditSelectorDelegate.h */ = {isa = PBXFileReference; fileEncoding = 4; lastKnownFileType = sourcecode.c.h; path = SubredditSelectorDelegate.h; sourceTree = "<group>"; };
		CF23FF311780FEE3006F1136 /* ThreadTableViewCell.h */ = {isa = PBXFileReference; fileEncoding = 4; lastKnownFileType = sourcecode.c.h; path = ThreadTableViewCell.h; sourceTree = "<group>"; };
		CF23FF321780FEE3006F1136 /* ThreadTableViewCell.m */ = {isa = PBXFileReference; fileEncoding = 4; lastKnownFileType = sourcecode.c.objc; path = ThreadTableViewCell.m; sourceTree = "<group>"; };
		CF23FF331780FEE3006F1136 /* ThreadTableViewCell.xib */ = {isa = PBXFileReference; fileEncoding = 4; lastKnownFileType = file.xib; path = ThreadTableViewCell.xib; sourceTree = "<group>"; };
		CF23FF381780FF69006F1136 /* CommentTableViewCell.xib */ = {isa = PBXFileReference; fileEncoding = 4; lastKnownFileType = file.xib; name = CommentTableViewCell.xib; path = Classes/CommentTableViewCell/CommentTableViewCell.xib; sourceTree = "<group>"; };
		CF23FF3B178105BF006F1136 /* CommentTableViewCell.h */ = {isa = PBXFileReference; fileEncoding = 4; lastKnownFileType = sourcecode.c.h; name = CommentTableViewCell.h; path = Classes/CommentTableViewCell/CommentTableViewCell.h; sourceTree = "<group>"; };
		CF23FF3C178105BF006F1136 /* CommentTableViewCell.m */ = {isa = PBXFileReference; fileEncoding = 4; lastKnownFileType = sourcecode.c.objc; name = CommentTableViewCell.m; path = Classes/CommentTableViewCell/CommentTableViewCell.m; sourceTree = "<group>"; };
		CF23FFE817869D9D006F1136 /* Comment.h */ = {isa = PBXFileReference; fileEncoding = 4; lastKnownFileType = sourcecode.c.h; name = Comment.h; path = Comment/Comment.h; sourceTree = "<group>"; };
		CF23FFE917869D9D006F1136 /* Comment.m */ = {isa = PBXFileReference; fileEncoding = 4; lastKnownFileType = sourcecode.c.objc; name = Comment.m; path = Comment/Comment.m; sourceTree = "<group>"; };
		CF2CD9AD1773F7C3005E62D9 /* CommentsPageViewController.h */ = {isa = PBXFileReference; fileEncoding = 4; lastKnownFileType = sourcecode.c.h; name = CommentsPageViewController.h; path = Classes/CommentsPage/CommentsPageViewController.h; sourceTree = "<group>"; };
		CF2CD9AE1773F7C3005E62D9 /* CommentsPageViewController.m */ = {isa = PBXFileReference; fileEncoding = 4; lastKnownFileType = sourcecode.c.objc; name = CommentsPageViewController.m; path = Classes/CommentsPage/CommentsPageViewController.m; sourceTree = "<group>"; };
		CF2CD9AF1773F7C3005E62D9 /* CommentsPageViewController.xib */ = {isa = PBXFileReference; fileEncoding = 4; lastKnownFileType = file.xib; name = CommentsPageViewController.xib; path = Classes/CommentsPage/CommentsPageViewController.xib; sourceTree = "<group>"; };
		CF2CD9D317741A10005E62D9 /* SystemConfiguration.framework */ = {isa = PBXFileReference; lastKnownFileType = wrapper.framework; name = SystemConfiguration.framework; path = System/Library/Frameworks/SystemConfiguration.framework; sourceTree = SDKROOT; };
		CF2CD9F717741C3B005E62D9 /* ASIAuthenticationDialog.h */ = {isa = PBXFileReference; fileEncoding = 4; lastKnownFileType = sourcecode.c.h; path = ASIAuthenticationDialog.h; sourceTree = "<group>"; };
		CF2CD9F817741C3B005E62D9 /* ASIAuthenticationDialog.m */ = {isa = PBXFileReference; fileEncoding = 4; lastKnownFileType = sourcecode.c.objc; path = ASIAuthenticationDialog.m; sourceTree = "<group>"; };
		CF2CD9F917741C3B005E62D9 /* ASICacheDelegate.h */ = {isa = PBXFileReference; fileEncoding = 4; lastKnownFileType = sourcecode.c.h; path = ASICacheDelegate.h; sourceTree = "<group>"; };
		CF2CD9FA17741C3B005E62D9 /* ASIDataCompressor.h */ = {isa = PBXFileReference; fileEncoding = 4; lastKnownFileType = sourcecode.c.h; path = ASIDataCompressor.h; sourceTree = "<group>"; };
		CF2CD9FB17741C3B005E62D9 /* ASIDataCompressor.m */ = {isa = PBXFileReference; fileEncoding = 4; lastKnownFileType = sourcecode.c.objc; path = ASIDataCompressor.m; sourceTree = "<group>"; };
		CF2CD9FC17741C3B005E62D9 /* ASIDataDecompressor.h */ = {isa = PBXFileReference; fileEncoding = 4; lastKnownFileType = sourcecode.c.h; path = ASIDataDecompressor.h; sourceTree = "<group>"; };
		CF2CD9FD17741C3B005E62D9 /* ASIDataDecompressor.m */ = {isa = PBXFileReference; fileEncoding = 4; lastKnownFileType = sourcecode.c.objc; path = ASIDataDecompressor.m; sourceTree = "<group>"; };
		CF2CD9FE17741C3B005E62D9 /* ASIDownloadCache.h */ = {isa = PBXFileReference; fileEncoding = 4; lastKnownFileType = sourcecode.c.h; path = ASIDownloadCache.h; sourceTree = "<group>"; };
		CF2CD9FF17741C3B005E62D9 /* ASIDownloadCache.m */ = {isa = PBXFileReference; fileEncoding = 4; lastKnownFileType = sourcecode.c.objc; path = ASIDownloadCache.m; sourceTree = "<group>"; };
		CF2CDA0017741C3B005E62D9 /* ASIFormDataRequest.h */ = {isa = PBXFileReference; fileEncoding = 4; lastKnownFileType = sourcecode.c.h; path = ASIFormDataRequest.h; sourceTree = "<group>"; };
		CF2CDA0117741C3B005E62D9 /* ASIFormDataRequest.m */ = {isa = PBXFileReference; fileEncoding = 4; lastKnownFileType = sourcecode.c.objc; path = ASIFormDataRequest.m; sourceTree = "<group>"; };
		CF2CDA0217741C3B005E62D9 /* ASIHTTPRequest.h */ = {isa = PBXFileReference; fileEncoding = 4; lastKnownFileType = sourcecode.c.h; path = ASIHTTPRequest.h; sourceTree = "<group>"; };
		CF2CDA0317741C3B005E62D9 /* ASIHTTPRequest.m */ = {isa = PBXFileReference; fileEncoding = 4; lastKnownFileType = sourcecode.c.objc; path = ASIHTTPRequest.m; sourceTree = "<group>"; };
		CF2CDA0417741C3B005E62D9 /* ASIHTTPRequestConfig.h */ = {isa = PBXFileReference; fileEncoding = 4; lastKnownFileType = sourcecode.c.h; path = ASIHTTPRequestConfig.h; sourceTree = "<group>"; };
		CF2CDA0517741C3B005E62D9 /* ASIHTTPRequestDelegate.h */ = {isa = PBXFileReference; fileEncoding = 4; lastKnownFileType = sourcecode.c.h; path = ASIHTTPRequestDelegate.h; sourceTree = "<group>"; };
		CF2CDA0617741C3B005E62D9 /* ASIInputStream.h */ = {isa = PBXFileReference; fileEncoding = 4; lastKnownFileType = sourcecode.c.h; path = ASIInputStream.h; sourceTree = "<group>"; };
		CF2CDA0717741C3B005E62D9 /* ASIInputStream.m */ = {isa = PBXFileReference; fileEncoding = 4; lastKnownFileType = sourcecode.c.objc; path = ASIInputStream.m; sourceTree = "<group>"; };
		CF2CDA0817741C3C005E62D9 /* ASINetworkQueue.h */ = {isa = PBXFileReference; fileEncoding = 4; lastKnownFileType = sourcecode.c.h; path = ASINetworkQueue.h; sourceTree = "<group>"; };
		CF2CDA0917741C3C005E62D9 /* ASINetworkQueue.m */ = {isa = PBXFileReference; fileEncoding = 4; lastKnownFileType = sourcecode.c.objc; path = ASINetworkQueue.m; sourceTree = "<group>"; };
		CF2CDA0A17741C3C005E62D9 /* ASIProgressDelegate.h */ = {isa = PBXFileReference; fileEncoding = 4; lastKnownFileType = sourcecode.c.h; path = ASIProgressDelegate.h; sourceTree = "<group>"; };
		CF2CDA1317741CC6005E62D9 /* QuartzCore.framework */ = {isa = PBXFileReference; lastKnownFileType = wrapper.framework; name = QuartzCore.framework; path = System/Library/Frameworks/QuartzCore.framework; sourceTree = SDKROOT; };
		CF2CDA1517741DA5005E62D9 /* CFNetwork.framework */ = {isa = PBXFileReference; lastKnownFileType = wrapper.framework; name = CFNetwork.framework; path = System/Library/Frameworks/CFNetwork.framework; sourceTree = SDKROOT; };
		CF2CDA1717741DBB005E62D9 /* MobileCoreServices.framework */ = {isa = PBXFileReference; lastKnownFileType = wrapper.framework; name = MobileCoreServices.framework; path = System/Library/Frameworks/MobileCoreServices.framework; sourceTree = SDKROOT; };
		CF2CDA1B17741F91005E62D9 /* libz.dylib */ = {isa = PBXFileReference; lastKnownFileType = "compiled.mach-o.dylib"; name = libz.dylib; path = usr/lib/libz.dylib; sourceTree = SDKROOT; };
		CFD4EBB4177275F000FB9833 /* Reddit Reader.app */ = {isa = PBXFileReference; explicitFileType = wrapper.application; includeInIndex = 0; path = "Reddit Reader.app"; sourceTree = BUILT_PRODUCTS_DIR; };
		CFD4EBB7177275F000FB9833 /* UIKit.framework */ = {isa = PBXFileReference; lastKnownFileType = wrapper.framework; name = UIKit.framework; path = System/Library/Frameworks/UIKit.framework; sourceTree = SDKROOT; };
		CFD4EBB9177275F000FB9833 /* Foundation.framework */ = {isa = PBXFileReference; lastKnownFileType = wrapper.framework; name = Foundation.framework; path = System/Library/Frameworks/Foundation.framework; sourceTree = SDKROOT; };
		CFD4EBBB177275F000FB9833 /* CoreGraphics.framework */ = {isa = PBXFileReference; lastKnownFileType = wrapper.framework; name = CoreGraphics.framework; path = System/Library/Frameworks/CoreGraphics.framework; sourceTree = SDKROOT; };
		CFD4EBC1177275F000FB9833 /* en */ = {isa = PBXFileReference; lastKnownFileType = text.plist.strings; name = en; path = en.lproj/InfoPlist.strings; sourceTree = "<group>"; };
		CFD4EBE51772797000FB9833 /* main.m */ = {isa = PBXFileReference; fileEncoding = 4; lastKnownFileType = sourcecode.c.objc; name = main.m; path = "Supporting Files/main.m"; sourceTree = "<group>"; };
		CFD4EBE61772797000FB9833 /* Reddit Reader-Info.plist */ = {isa = PBXFileReference; fileEncoding = 4; lastKnownFileType = text.plist.xml; name = "Reddit Reader-Info.plist"; path = "Supporting Files/Reddit Reader-Info.plist"; sourceTree = "<group>"; };
		CFD4EBE71772797000FB9833 /* Reddit Reader-Prefix.pch */ = {isa = PBXFileReference; fileEncoding = 4; lastKnownFileType = sourcecode.c.h; name = "Reddit Reader-Prefix.pch"; path = "Supporting Files/Reddit Reader-Prefix.pch"; sourceTree = "<group>"; };
		CFD4EBEA177279E300FB9833 /* MainPageViewController.h */ = {isa = PBXFileReference; fileEncoding = 4; lastKnownFileType = sourcecode.c.h; name = MainPageViewController.h; path = Classes/MainPage/MainPageViewController.h; sourceTree = "<group>"; };
		CFD4EBEB177279E300FB9833 /* MainPageViewController.m */ = {isa = PBXFileReference; fileEncoding = 4; lastKnownFileType = sourcecode.c.objc; name = MainPageViewController.m; path = Classes/MainPage/MainPageViewController.m; sourceTree = "<group>"; };
		CFD4EBEC177279E300FB9833 /* MainPageViewController.xib */ = {isa = PBXFileReference; fileEncoding = 4; lastKnownFileType = file.xib; name = MainPageViewController.xib; path = Classes/MainPage/MainPageViewController.xib; sourceTree = "<group>"; };
		CFE1B09C17AF1EE4007CF88A /* AnimatedGif.h */ = {isa = PBXFileReference; fileEncoding = 4; lastKnownFileType = sourcecode.c.h; path = AnimatedGif.h; sourceTree = "<group>"; };
		CFE1B09D17AF1EE4007CF88A /* AnimatedGif.m */ = {isa = PBXFileReference; fileEncoding = 4; lastKnownFileType = sourcecode.c.objc; path = AnimatedGif.m; sourceTree = "<group>"; };
		CFE1B09E17AF1EE4007CF88A /* AnimatedGifExampleAppDelegate.h */ = {isa = PBXFileReference; fileEncoding = 4; lastKnownFileType = sourcecode.c.h; path = AnimatedGifExampleAppDelegate.h; sourceTree = "<group>"; };
		CFE1B09F17AF1EE4007CF88A /* AnimatedGifExampleAppDelegate.m */ = {isa = PBXFileReference; fileEncoding = 4; lastKnownFileType = sourcecode.c.objc; path = AnimatedGifExampleAppDelegate.m; sourceTree = "<group>"; };
		CFE1B0A017AF1EE4007CF88A /* AnimatedGifExampleViewController.h */ = {isa = PBXFileReference; fileEncoding = 4; lastKnownFileType = sourcecode.c.h; path = AnimatedGifExampleViewController.h; sourceTree = "<group>"; };
		CFE1B0A117AF1EE4007CF88A /* AnimatedGifExampleViewController.m */ = {isa = PBXFileReference; fileEncoding = 4; lastKnownFileType = sourcecode.c.objc; path = AnimatedGifExampleViewController.m; sourceTree = "<group>"; };
/* End PBXFileReference section */

/* Begin PBXFrameworksBuildPhase section */
		CFD4EBB1177275F000FB9833 /* Frameworks */ = {
			isa = PBXFrameworksBuildPhase;
			buildActionMask = 2147483647;
			files = (
				CF2CDA1C17741F91005E62D9 /* libz.dylib in Frameworks */,
				CF2CDA1817741DBB005E62D9 /* MobileCoreServices.framework in Frameworks */,
				CF2CDA1617741DA5005E62D9 /* CFNetwork.framework in Frameworks */,
				CF2CDA1417741CC6005E62D9 /* QuartzCore.framework in Frameworks */,
				CF2CD9D417741A10005E62D9 /* SystemConfiguration.framework in Frameworks */,
				CFD4EBB8177275F000FB9833 /* UIKit.framework in Frameworks */,
				CFD4EBBA177275F000FB9833 /* Foundation.framework in Frameworks */,
				CFD4EBBC177275F000FB9833 /* CoreGraphics.framework in Frameworks */,
			);
			runOnlyForDeploymentPostprocessing = 0;
		};
/* End PBXFrameworksBuildPhase section */

/* Begin PBXGroup section */
		CF048DA317729DCC00ECA9EA /* JSON */ = {
			isa = PBXGroup;
			children = (
				CF048DA417729DCC00ECA9EA /* SBJson.h */,
				CF048DA517729DCC00ECA9EA /* SBJsonParser.h */,
				CF048DA617729DCC00ECA9EA /* SBJsonParser.m */,
				CF048DA717729DCC00ECA9EA /* SBJsonStreamParser.h */,
				CF048DA817729DCC00ECA9EA /* SBJsonStreamParser.m */,
				CF048DA917729DCC00ECA9EA /* SBJsonStreamParserAccumulator.h */,
				CF048DAA17729DCC00ECA9EA /* SBJsonStreamParserAccumulator.m */,
				CF048DAB17729DCC00ECA9EA /* SBJsonStreamParserAdapter.h */,
				CF048DAC17729DCC00ECA9EA /* SBJsonStreamParserAdapter.m */,
				CF048DAD17729DCC00ECA9EA /* SBJsonStreamParserState.h */,
				CF048DAE17729DCC00ECA9EA /* SBJsonStreamParserState.m */,
				CF048DAF17729DCC00ECA9EA /* SBJsonStreamTokeniser.h */,
				CF048DB017729DCC00ECA9EA /* SBJsonStreamTokeniser.m */,
				CF048DB117729DCC00ECA9EA /* SBJsonStreamWriter.h */,
				CF048DB217729DCC00ECA9EA /* SBJsonStreamWriter.m */,
				CF048DB317729DCC00ECA9EA /* SBJsonStreamWriterAccumulator.h */,
				CF048DB417729DCC00ECA9EA /* SBJsonStreamWriterAccumulator.m */,
				CF048DB517729DCC00ECA9EA /* SBJsonStreamWriterState.h */,
				CF048DB617729DCC00ECA9EA /* SBJsonStreamWriterState.m */,
				CF048DB717729DCC00ECA9EA /* SBJsonWriter.h */,
				CF048DB817729DCC00ECA9EA /* SBJsonWriter.m */,
			);
			name = JSON;
			path = "Reddit Reader/External/JSON";
			sourceTree = "<group>";
		};
		CF195C5B177D5DF600C66161 /* Delegates */ = {
			isa = PBXGroup;
			children = (
				CF195C5C177D5DF600C66161 /* AppDelegate.h */,
				CF195C5D177D5DF600C66161 /* AppDelegate.m */,
				CF195C5E177D5DF600C66161 /* SubredditSelectionDelegate.h */,
			);
			name = Delegates;
			path = Classes/Delegates;
			sourceTree = "<group>";
		};
		CF195C6D177D5E1F00C66161 /* Models */ = {
			isa = PBXGroup;
			children = (
				CF23FFE717869D42006F1136 /* Comment */,
				CF195C6E177D5E1F00C66161 /* Thread */,
			);
			path = Models;
			sourceTree = "<group>";
		};
		CF195C6E177D5E1F00C66161 /* Thread */ = {
			isa = PBXGroup;
			children = (
				CF195C6F177D5E1F00C66161 /* Thread.h */,
				CF195C70177D5E1F00C66161 /* Thread.m */,
			);
			path = Thread;
			sourceTree = "<group>";
		};
		CF23FF2B1780FEE3006F1136 /* SubredditSelector */ = {
			isa = PBXGroup;
			children = (
				CF23FF2C1780FEE3006F1136 /* SubredditSelector.h */,
				CF23FF2D1780FEE3006F1136 /* SubredditSelector.m */,
				CF23FF2E1780FEE3006F1136 /* SubredditSelector.xib */,
				CF23FF2F1780FEE3006F1136 /* SubredditSelectorDelegate.h */,
			);
			name = SubredditSelector;
			path = Classes/SubredditSelector;
			sourceTree = "<group>";
		};
		CF23FF301780FEE3006F1136 /* ThreadTableViewCell */ = {
			isa = PBXGroup;
			children = (
				CF23FF311780FEE3006F1136 /* ThreadTableViewCell.h */,
				CF23FF321780FEE3006F1136 /* ThreadTableViewCell.m */,
				CF23FF331780FEE3006F1136 /* ThreadTableViewCell.xib */,
			);
			name = ThreadTableViewCell;
			path = Classes/ThreadTableViewCell;
			sourceTree = "<group>";
		};
		CF23FF3A1780FF6E006F1136 /* CommentTableViewCell */ = {
			isa = PBXGroup;
			children = (
				CF23FF381780FF69006F1136 /* CommentTableViewCell.xib */,
				CF23FF3B178105BF006F1136 /* CommentTableViewCell.h */,
				CF23FF3C178105BF006F1136 /* CommentTableViewCell.m */,
			);
			name = CommentTableViewCell;
			sourceTree = "<group>";
		};
		CF23FFE717869D42006F1136 /* Comment */ = {
			isa = PBXGroup;
			children = (
				CF23FFE817869D9D006F1136 /* Comment.h */,
				CF23FFE917869D9D006F1136 /* Comment.m */,
			);
			name = Comment;
			sourceTree = "<group>";
		};
		CF2CD9AC1773F793005E62D9 /* CommentsPage */ = {
			isa = PBXGroup;
			children = (
				CF2CD9AD1773F7C3005E62D9 /* CommentsPageViewController.h */,
				CF2CD9AE1773F7C3005E62D9 /* CommentsPageViewController.m */,
				CF2CD9AF1773F7C3005E62D9 /* CommentsPageViewController.xib */,
			);
			name = CommentsPage;
			sourceTree = "<group>";
		};
		CF2CD9F617741C3B005E62D9 /* ASI */ = {
			isa = PBXGroup;
			children = (
				CF2CD9F717741C3B005E62D9 /* ASIAuthenticationDialog.h */,
				CF2CD9F817741C3B005E62D9 /* ASIAuthenticationDialog.m */,
				CF2CD9F917741C3B005E62D9 /* ASICacheDelegate.h */,
				CF2CD9FA17741C3B005E62D9 /* ASIDataCompressor.h */,
				CF2CD9FB17741C3B005E62D9 /* ASIDataCompressor.m */,
				CF2CD9FC17741C3B005E62D9 /* ASIDataDecompressor.h */,
				CF2CD9FD17741C3B005E62D9 /* ASIDataDecompressor.m */,
				CF2CD9FE17741C3B005E62D9 /* ASIDownloadCache.h */,
				CF2CD9FF17741C3B005E62D9 /* ASIDownloadCache.m */,
				CF2CDA0017741C3B005E62D9 /* ASIFormDataRequest.h */,
				CF2CDA0117741C3B005E62D9 /* ASIFormDataRequest.m */,
				CF2CDA0217741C3B005E62D9 /* ASIHTTPRequest.h */,
				CF2CDA0317741C3B005E62D9 /* ASIHTTPRequest.m */,
				CF2CDA0417741C3B005E62D9 /* ASIHTTPRequestConfig.h */,
				CF2CDA0517741C3B005E62D9 /* ASIHTTPRequestDelegate.h */,
				CF2CDA0617741C3B005E62D9 /* ASIInputStream.h */,
				CF2CDA0717741C3B005E62D9 /* ASIInputStream.m */,
				CF2CDA0817741C3C005E62D9 /* ASINetworkQueue.h */,
				CF2CDA0917741C3C005E62D9 /* ASINetworkQueue.m */,
				CF2CDA0A17741C3C005E62D9 /* ASIProgressDelegate.h */,
			);
			name = ASI;
			path = "Reddit Reader/External/ASI";
			sourceTree = "<group>";
		};
		CFD4EBAB177275F000FB9833 = {
			isa = PBXGroup;
			children = (
				CFD4EBBD177275F000FB9833 /* Reddit Reader */,
				CFD4EBB6177275F000FB9833 /* Frameworks */,
				CFD4EBB5177275F000FB9833 /* Products */,
			);
			sourceTree = "<group>";
		};
		CFD4EBB5177275F000FB9833 /* Products */ = {
			isa = PBXGroup;
			children = (
				CFD4EBB4177275F000FB9833 /* Reddit Reader.app */,
			);
			name = Products;
			sourceTree = "<group>";
		};
		CFD4EBB6177275F000FB9833 /* Frameworks */ = {
			isa = PBXGroup;
			children = (
				CFE1B09B17AF1EE4007CF88A /* AnimatedGif */,
				CF2CD9F617741C3B005E62D9 /* ASI */,
				CF048DA317729DCC00ECA9EA /* JSON */,
				CF2CDA1B17741F91005E62D9 /* libz.dylib */,
				CF2CDA1317741CC6005E62D9 /* QuartzCore.framework */,
				CF2CDA1717741DBB005E62D9 /* MobileCoreServices.framework */,
				CF2CDA1517741DA5005E62D9 /* CFNetwork.framework */,
				CF2CD9D317741A10005E62D9 /* SystemConfiguration.framework */,
				CFD4EBB7177275F000FB9833 /* UIKit.framework */,
				CFD4EBB9177275F000FB9833 /* Foundation.framework */,
				CFD4EBBB177275F000FB9833 /* CoreGraphics.framework */,
			);
			name = Frameworks;
			sourceTree = "<group>";
		};
		CFD4EBBD177275F000FB9833 /* Reddit Reader */ = {
			isa = PBXGroup;
			children = (
				CF195C6D177D5E1F00C66161 /* Models */,
				CFD4EBE21772782F00FB9833 /* Classes */,
				CFD4EBE41772785A00FB9833 /* Images */,
				CFD4EBBE177275F000FB9833 /* Supporting Files */,
			);
			path = "Reddit Reader";
			sourceTree = "<group>";
		};
		CFD4EBBE177275F000FB9833 /* Supporting Files */ = {
			isa = PBXGroup;
			children = (
				CFD4EBE51772797000FB9833 /* main.m */,
				CFD4EBE61772797000FB9833 /* Reddit Reader-Info.plist */,
				CFD4EBE71772797000FB9833 /* Reddit Reader-Prefix.pch */,
				CFD4EBC0177275F000FB9833 /* InfoPlist.strings */,
			);
			name = "Supporting Files";
			sourceTree = "<group>";
		};
		CFD4EBE21772782F00FB9833 /* Classes */ = {
			isa = PBXGroup;
			children = (
				CF23FF3A1780FF6E006F1136 /* CommentTableViewCell */,
				CF23FF2B1780FEE3006F1136 /* SubredditSelector */,
				CF23FF301780FEE3006F1136 /* ThreadTableViewCell */,
				CF195C5B177D5DF600C66161 /* Delegates */,
				CFD4EBE31772783600FB9833 /* MainPage */,
				CF2CD9AC1773F793005E62D9 /* CommentsPage */,
			);
			name = Classes;
			sourceTree = "<group>";
		};
		CFD4EBE31772783600FB9833 /* MainPage */ = {
			isa = PBXGroup;
			children = (
				CFD4EBEA177279E300FB9833 /* MainPageViewController.h */,
				CFD4EBEB177279E300FB9833 /* MainPageViewController.m */,
				CFD4EBEC177279E300FB9833 /* MainPageViewController.xib */,
			);
			name = MainPage;
			sourceTree = "<group>";
		};
		CFD4EBE41772785A00FB9833 /* Images */ = {
			isa = PBXGroup;
			children = (
			);
			name = Images;
			sourceTree = "<group>";
		};
		CFE1B09B17AF1EE4007CF88A /* AnimatedGif */ = {
			isa = PBXGroup;
			children = (
				CFE1B09C17AF1EE4007CF88A /* AnimatedGif.h */,
				CFE1B09D17AF1EE4007CF88A /* AnimatedGif.m */,
				CFE1B09E17AF1EE4007CF88A /* AnimatedGifExampleAppDelegate.h */,
				CFE1B09F17AF1EE4007CF88A /* AnimatedGifExampleAppDelegate.m */,
				CFE1B0A017AF1EE4007CF88A /* AnimatedGifExampleViewController.h */,
				CFE1B0A117AF1EE4007CF88A /* AnimatedGifExampleViewController.m */,
			);
			name = AnimatedGif;
			path = "Reddit Reader/External/AnimatedGif";
			sourceTree = "<group>";
		};
/* End PBXGroup section */

/* Begin PBXNativeTarget section */
		CFD4EBB3177275F000FB9833 /* Reddit Reader */ = {
			isa = PBXNativeTarget;
			buildConfigurationList = CFD4EBD7177275F000FB9833 /* Build configuration list for PBXNativeTarget "Reddit Reader" */;
			buildPhases = (
				CFD4EBB0177275F000FB9833 /* Sources */,
				CFD4EBB1177275F000FB9833 /* Frameworks */,
				CFD4EBB2177275F000FB9833 /* Resources */,
			);
			buildRules = (
			);
			dependencies = (
			);
			name = "Reddit Reader";
			productName = "Reddit Reader";
			productReference = CFD4EBB4177275F000FB9833 /* Reddit Reader.app */;
			productType = "com.apple.product-type.application";
		};
/* End PBXNativeTarget section */

/* Begin PBXProject section */
		CFD4EBAC177275F000FB9833 /* Project object */ = {
			isa = PBXProject;
			attributes = {
				LastUpgradeCheck = 0460;
				ORGANIZATIONNAME = seaplain;
			};
			buildConfigurationList = CFD4EBAF177275F000FB9833 /* Build configuration list for PBXProject "Reddit Reader" */;
			compatibilityVersion = "Xcode 3.2";
			developmentRegion = English;
			hasScannedForEncodings = 0;
			knownRegions = (
				en,
			);
			mainGroup = CFD4EBAB177275F000FB9833;
			productRefGroup = CFD4EBB5177275F000FB9833 /* Products */;
			projectDirPath = "";
			projectRoot = "";
			targets = (
				CFD4EBB3177275F000FB9833 /* Reddit Reader */,
			);
		};
/* End PBXProject section */

/* Begin PBXResourcesBuildPhase section */
		CFD4EBB2177275F000FB9833 /* Resources */ = {
			isa = PBXResourcesBuildPhase;
			buildActionMask = 2147483647;
			files = (
				CFD4EBC2177275F000FB9833 /* InfoPlist.strings in Resources */,
				CFD4EBE91772797000FB9833 /* Reddit Reader-Info.plist in Resources */,
				CFD4EBEE177279E300FB9833 /* MainPageViewController.xib in Resources */,
				CF2CD9B11773F7C3005E62D9 /* CommentsPageViewController.xib in Resources */,
				CF23FF351780FEE3006F1136 /* SubredditSelector.xib in Resources */,
				CF23FF371780FEE3006F1136 /* ThreadTableViewCell.xib in Resources */,
				CF23FF391780FF69006F1136 /* CommentTableViewCell.xib in Resources */,
			);
			runOnlyForDeploymentPostprocessing = 0;
		};
/* End PBXResourcesBuildPhase section */

/* Begin PBXSourcesBuildPhase section */
		CFD4EBB0177275F000FB9833 /* Sources */ = {
			isa = PBXSourcesBuildPhase;
			buildActionMask = 2147483647;
			files = (
				CFD4EBE81772797000FB9833 /* main.m in Sources */,
				CFD4EBED177279E300FB9833 /* MainPageViewController.m in Sources */,
				CF048DB917729DCC00ECA9EA /* SBJsonParser.m in Sources */,
				CF048DBA17729DCC00ECA9EA /* SBJsonStreamParser.m in Sources */,
				CF048DBB17729DCC00ECA9EA /* SBJsonStreamParserAccumulator.m in Sources */,
				CF048DBC17729DCC00ECA9EA /* SBJsonStreamParserAdapter.m in Sources */,
				CF048DBD17729DCC00ECA9EA /* SBJsonStreamParserState.m in Sources */,
				CF048DBE17729DCC00ECA9EA /* SBJsonStreamTokeniser.m in Sources */,
				CF048DBF17729DCC00ECA9EA /* SBJsonStreamWriter.m in Sources */,
				CF048DC017729DCC00ECA9EA /* SBJsonStreamWriterAccumulator.m in Sources */,
				CF048DC117729DCC00ECA9EA /* SBJsonStreamWriterState.m in Sources */,
				CF048DC217729DCC00ECA9EA /* SBJsonWriter.m in Sources */,
				CF2CD9B01773F7C3005E62D9 /* CommentsPageViewController.m in Sources */,
				CF2CDA0B17741C3C005E62D9 /* ASIAuthenticationDialog.m in Sources */,
				CF2CDA0C17741C3C005E62D9 /* ASIDataCompressor.m in Sources */,
				CF2CDA0D17741C3C005E62D9 /* ASIDataDecompressor.m in Sources */,
				CF2CDA0E17741C3C005E62D9 /* ASIDownloadCache.m in Sources */,
				CF2CDA0F17741C3C005E62D9 /* ASIFormDataRequest.m in Sources */,
				CF2CDA1017741C3C005E62D9 /* ASIHTTPRequest.m in Sources */,
				CF2CDA1117741C3C005E62D9 /* ASIInputStream.m in Sources */,
				CF2CDA1217741C3C005E62D9 /* ASINetworkQueue.m in Sources */,
				CF195C5F177D5DF600C66161 /* AppDelegate.m in Sources */,
				CF195C71177D5E1F00C66161 /* Thread.m in Sources */,
				CF23FF341780FEE3006F1136 /* SubredditSelector.m in Sources */,
				CF23FF361780FEE3006F1136 /* ThreadTableViewCell.m in Sources */,
				CF23FF3D178105BF006F1136 /* CommentTableViewCell.m in Sources */,
				CF23FFEA17869D9D006F1136 /* Comment.m in Sources */,
				CFE1B0A217AF1EE4007CF88A /* AnimatedGif.m in Sources */,
				CFE1B0A317AF1EE4007CF88A /* AnimatedGifExampleAppDelegate.m in Sources */,
				CFE1B0A417AF1EE4007CF88A /* AnimatedGifExampleViewController.m in Sources */,
			);
			runOnlyForDeploymentPostprocessing = 0;
		};
/* End PBXSourcesBuildPhase section */

/* Begin PBXVariantGroup section */
		CFD4EBC0177275F000FB9833 /* InfoPlist.strings */ = {
			isa = PBXVariantGroup;
			children = (
				CFD4EBC1177275F000FB9833 /* en */,
			);
			name = InfoPlist.strings;
			sourceTree = "<group>";
		};
/* End PBXVariantGroup section */

/* Begin XCBuildConfiguration section */
		CFD4EBD5177275F000FB9833 /* Debug */ = {
			isa = XCBuildConfiguration;
			buildSettings = {
				ALWAYS_SEARCH_USER_PATHS = NO;
				CLANG_CXX_LANGUAGE_STANDARD = "gnu++0x";
				CLANG_CXX_LIBRARY = "libc++";
				CLANG_ENABLE_OBJC_ARC = YES;
				CLANG_WARN_CONSTANT_CONVERSION = YES;
				CLANG_WARN_EMPTY_BODY = YES;
				CLANG_WARN_ENUM_CONVERSION = YES;
				CLANG_WARN_INT_CONVERSION = YES;
				CLANG_WARN__DUPLICATE_METHOD_MATCH = YES;
				"CODE_SIGN_IDENTITY[sdk=iphoneos*]" = "iPhone Developer";
				COPY_PHASE_STRIP = NO;
				GCC_C_LANGUAGE_STANDARD = gnu99;
				GCC_DYNAMIC_NO_PIC = NO;
				GCC_OPTIMIZATION_LEVEL = 0;
				GCC_PREPROCESSOR_DEFINITIONS = (
					"DEBUG=1",
					"$(inherited)",
				);
				GCC_SYMBOLS_PRIVATE_EXTERN = NO;
				GCC_WARN_ABOUT_RETURN_TYPE = YES;
				GCC_WARN_UNINITIALIZED_AUTOS = YES;
				GCC_WARN_UNUSED_VARIABLE = YES;
				IPHONEOS_DEPLOYMENT_TARGET = 6.1;
				ONLY_ACTIVE_ARCH = YES;
				SDKROOT = iphoneos;
			};
			name = Debug;
		};
		CFD4EBD6177275F000FB9833 /* Release */ = {
			isa = XCBuildConfiguration;
			buildSettings = {
				ALWAYS_SEARCH_USER_PATHS = NO;
				CLANG_CXX_LANGUAGE_STANDARD = "gnu++0x";
				CLANG_CXX_LIBRARY = "libc++";
				CLANG_ENABLE_OBJC_ARC = YES;
				CLANG_WARN_CONSTANT_CONVERSION = YES;
				CLANG_WARN_EMPTY_BODY = YES;
				CLANG_WARN_ENUM_CONVERSION = YES;
				CLANG_WARN_INT_CONVERSION = YES;
				CLANG_WARN__DUPLICATE_METHOD_MATCH = YES;
				"CODE_SIGN_IDENTITY[sdk=iphoneos*]" = "iPhone Developer";
				COPY_PHASE_STRIP = YES;
				GCC_C_LANGUAGE_STANDARD = gnu99;
				GCC_WARN_ABOUT_RETURN_TYPE = YES;
				GCC_WARN_UNINITIALIZED_AUTOS = YES;
				GCC_WARN_UNUSED_VARIABLE = YES;
				IPHONEOS_DEPLOYMENT_TARGET = 6.1;
				OTHER_CFLAGS = "-DNS_BLOCK_ASSERTIONS=1";
				SDKROOT = iphoneos;
				VALIDATE_PRODUCT = YES;
			};
			name = Release;
		};
		CFD4EBD8177275F000FB9833 /* Debug */ = {
			isa = XCBuildConfiguration;
			buildSettings = {
				GCC_PRECOMPILE_PREFIX_HEADER = YES;
				GCC_PREFIX_HEADER = "Reddit Reader/Supporting Files/Reddit Reader-Prefix.pch";
				INFOPLIST_FILE = "Reddit Reader/Supporting Files/Reddit Reader-Info.plist";
				IPHONEOS_DEPLOYMENT_TARGET = 4.3;
				LIBRARY_SEARCH_PATHS = (
					"$(inherited)",
					"\"$(SDKROOT)/usr/lib/system\"",
				);
				PRODUCT_NAME = "$(TARGET_NAME)";
				TARGETED_DEVICE_FAMILY = "1,2";
				WRAPPER_EXTENSION = app;
			};
			name = Debug;
		};
		CFD4EBD9177275F000FB9833 /* Release */ = {
			isa = XCBuildConfiguration;
			buildSettings = {
				GCC_PRECOMPILE_PREFIX_HEADER = YES;
				GCC_PREFIX_HEADER = "Reddit Reader/Supporting Files/Reddit Reader-Prefix.pch";
				INFOPLIST_FILE = "Reddit Reader/Supporting Files/Reddit Reader-Info.plist";
				IPHONEOS_DEPLOYMENT_TARGET = 4.3;
				LIBRARY_SEARCH_PATHS = (
					"$(inherited)",
					"\"$(SDKROOT)/usr/lib/system\"",
				);
				PRODUCT_NAME = "$(TARGET_NAME)";
				TARGETED_DEVICE_FAMILY = "1,2";
				WRAPPER_EXTENSION = app;
			};
			name = Release;
		};
/* End XCBuildConfiguration section */

/* Begin XCConfigurationList section */
		CFD4EBAF177275F000FB9833 /* Build configuration list for PBXProject "Reddit Reader" */ = {
			isa = XCConfigurationList;
			buildConfigurations = (
				CFD4EBD5177275F000FB9833 /* Debug */,
				CFD4EBD6177275F000FB9833 /* Release */,
			);
			defaultConfigurationIsVisible = 0;
			defaultConfigurationName = Release;
		};
		CFD4EBD7177275F000FB9833 /* Build configuration list for PBXNativeTarget "Reddit Reader" */ = {
			isa = XCConfigurationList;
			buildConfigurations = (
				CFD4EBD8177275F000FB9833 /* Debug */,
				CFD4EBD9177275F000FB9833 /* Release */,
			);
			defaultConfigurationIsVisible = 0;
			defaultConfigurationName = Release;
		};
/* End XCConfigurationList section */
	};
	rootObject = CFD4EBAC177275F000FB9833 /* Project object */;
}
